
Microsoft Visual Studio Solution File, Format Version 12.00
# Visual Studio Version 16
VisualStudioVersion = 16.0.31605.320
MinimumVisualStudioVersion = 10.0.40219.1
Project("{FAE04EC0-301F-11D3-BF4B-00C04F79EFBC}") = "WebScraping", "WebScraping\WebScraping.csproj", "{5EE30A25-4267-45B1-81EA-686FF97CF86F}"
EndProject
Global
	GlobalSection(SolutionConfigurationPlatforms) = preSolution
		Debug|Any CPU = Debug|Any CPU
		Release|Any CPU = Release|Any CPU
	EndGlobalSection
	GlobalSection(ProjectConfigurationPlatforms) = postSolution
		{5EE30A25-4267-45B1-81EA-686FF97CF86F}.Debug|Any CPU.ActiveCfg = Debug|Any CPU
		{5EE30A25-4267-45B1-81EA-686FF97CF86F}.Debug|Any CPU.Build.0 = Debug|Any CPU
		{5EE30A25-4267-45B1-81EA-686FF97CF86F}.Release|Any CPU.ActiveCfg = Release|Any CPU
		{5EE30A25-4267-45B1-81EA-686FF97CF86F}.Release|Any CPU.Build.0 = Release|Any CPU
	EndGlobalSection
	GlobalSection(SolutionProperties) = preSolution
		HideSolutionNode = FALSE
	EndGlobalSection
	GlobalSection(ExtensibilityGlobals) = postSolution
		SolutionGuid = {EFD22A57-30CC-41BC-BEEE-13D5E4123127}
	EndGlobalSection
EndGlobal
